
Microsoft Visual Studio Solution File, Format Version 12.00
# Visual Studio Version 17
VisualStudioVersion = 17.14.36401.2 d17.14
MinimumVisualStudioVersion = 10.0.40219.1
Project("{FAE04EC0-301F-11D3-BF4B-00C04F79EFBC}") = "API-RedisIntegration", "API-RedisIntegration\API-RedisIntegration.csproj", "{EDAC6BD8-0170-4689-8DFA-817AB5F4E6EA}"
EndProject
Global
	GlobalSection(SolutionConfigurationPlatforms) = preSolution
		Debug|Any CPU = Debug|Any CPU
		Release|Any CPU = Release|Any CPU
	EndGlobalSection
	GlobalSection(ProjectConfigurationPlatforms) = postSolution
		{EDAC6BD8-0170-4689-8DFA-817AB5F4E6EA}.Debug|Any CPU.ActiveCfg = Debug|Any CPU
		{EDAC6BD8-0170-4689-8DFA-817AB5F4E6EA}.Debug|Any CPU.Build.0 = Debug|Any CPU
		{EDAC6BD8-0170-4689-8DFA-817AB5F4E6EA}.Release|Any CPU.ActiveCfg = Release|Any CPU
		{EDAC6BD8-0170-4689-8DFA-817AB5F4E6EA}.Release|Any CPU.Build.0 = Release|Any CPU
	EndGlobalSection
	GlobalSection(SolutionProperties) = preSolution
		HideSolutionNode = FALSE
	EndGlobalSection
	GlobalSection(ExtensibilityGlobals) = postSolution
		SolutionGuid = {42DE21BC-033B-4969-978E-804FDB531754}
	EndGlobalSection
EndGlobal
